
Microsoft Visual Studio Solution File, Format Version 12.00
# Visual Studio Version 16
VisualStudioVersion = 16.0.31005.135
MinimumVisualStudioVersion = 10.0.40219.1
Project("{FAE04EC0-301F-11D3-BF4B-00C04F79EFBC}") = "DesignCrowd.DateLibrary", "DesignCrowd.DateLibrary\DesignCrowd.DateLibrary.csproj", "{52DF7D13-7B69-46D1-A1F1-6E0F40F7DBA6}"
EndProject
Project("{FAE04EC0-301F-11D3-BF4B-00C04F79EFBC}") = "DesignCrowd.DateLibrary.Tests", "DesignCrowd.DateLibrary.Tests\DesignCrowd.DateLibrary.Tests.csproj", "{47FB16DF-CECF-47B1-B414-C1326B620385}"
EndProject
Global
	GlobalSection(SolutionConfigurationPlatforms) = preSolution
		Debug|Any CPU = Debug|Any CPU
		Release|Any CPU = Release|Any CPU
	EndGlobalSection
	GlobalSection(ProjectConfigurationPlatforms) = postSolution
		{52DF7D13-7B69-46D1-A1F1-6E0F40F7DBA6}.Debug|Any CPU.ActiveCfg = Debug|Any CPU
		{52DF7D13-7B69-46D1-A1F1-6E0F40F7DBA6}.Debug|Any CPU.Build.0 = Debug|Any CPU
		{52DF7D13-7B69-46D1-A1F1-6E0F40F7DBA6}.Release|Any CPU.ActiveCfg = Release|Any CPU
		{52DF7D13-7B69-46D1-A1F1-6E0F40F7DBA6}.Release|Any CPU.Build.0 = Release|Any CPU
		{47FB16DF-CECF-47B1-B414-C1326B620385}.Debug|Any CPU.ActiveCfg = Debug|Any CPU
		{47FB16DF-CECF-47B1-B414-C1326B620385}.Debug|Any CPU.Build.0 = Debug|Any CPU
		{47FB16DF-CECF-47B1-B414-C1326B620385}.Release|Any CPU.ActiveCfg = Release|Any CPU
		{47FB16DF-CECF-47B1-B414-C1326B620385}.Release|Any CPU.Build.0 = Release|Any CPU
	EndGlobalSection
	GlobalSection(SolutionProperties) = preSolution
		HideSolutionNode = FALSE
	EndGlobalSection
	GlobalSection(ExtensibilityGlobals) = postSolution
		SolutionGuid = {26FA8005-EEFE-4BB3-9F3C-AD18EBA1B500}
	EndGlobalSection
EndGlobal
